
Microsoft Visual Studio Solution File, Format Version 12.00
# Visual Studio 15
VisualStudioVersion = 15.0.26124.0
MinimumVisualStudioVersion = 15.0.26124.0
Project("{2150E333-8FDC-42A3-9474-1A3956D46DE8}") = "src", "src", "{90BCA3F5-0AE8-413C-9D3D-6703A2DFB09F}"
EndProject
Project("{FAE04EC0-301F-11D3-BF4B-00C04F79EFBC}") = "Bkkr.GitHub.TestActionsAndRegistry", "src\Bkkr.GitHub.TestActionsAndRegistry\Bkkr.GitHub.TestActionsAndRegistry.csproj", "{6FA66AFF-ABDE-49F1-BDFE-700EA89FD299}"
EndProject
Global
	GlobalSection(SolutionConfigurationPlatforms) = preSolution
		Debug|Any CPU = Debug|Any CPU
		Debug|x64 = Debug|x64
		Debug|x86 = Debug|x86
		Release|Any CPU = Release|Any CPU
		Release|x64 = Release|x64
		Release|x86 = Release|x86
	EndGlobalSection
	GlobalSection(SolutionProperties) = preSolution
		HideSolutionNode = FALSE
	EndGlobalSection
	GlobalSection(ProjectConfigurationPlatforms) = postSolution
		{6FA66AFF-ABDE-49F1-BDFE-700EA89FD299}.Debug|Any CPU.ActiveCfg = Debug|Any CPU
		{6FA66AFF-ABDE-49F1-BDFE-700EA89FD299}.Debug|Any CPU.Build.0 = Debug|Any CPU
		{6FA66AFF-ABDE-49F1-BDFE-700EA89FD299}.Debug|x64.ActiveCfg = Debug|Any CPU
		{6FA66AFF-ABDE-49F1-BDFE-700EA89FD299}.Debug|x64.Build.0 = Debug|Any CPU
		{6FA66AFF-ABDE-49F1-BDFE-700EA89FD299}.Debug|x86.ActiveCfg = Debug|Any CPU
		{6FA66AFF-ABDE-49F1-BDFE-700EA89FD299}.Debug|x86.Build.0 = Debug|Any CPU
		{6FA66AFF-ABDE-49F1-BDFE-700EA89FD299}.Release|Any CPU.ActiveCfg = Release|Any CPU
		{6FA66AFF-ABDE-49F1-BDFE-700EA89FD299}.Release|Any CPU.Build.0 = Release|Any CPU
		{6FA66AFF-ABDE-49F1-BDFE-700EA89FD299}.Release|x64.ActiveCfg = Release|Any CPU
		{6FA66AFF-ABDE-49F1-BDFE-700EA89FD299}.Release|x64.Build.0 = Release|Any CPU
		{6FA66AFF-ABDE-49F1-BDFE-700EA89FD299}.Release|x86.ActiveCfg = Release|Any CPU
		{6FA66AFF-ABDE-49F1-BDFE-700EA89FD299}.Release|x86.Build.0 = Release|Any CPU
	EndGlobalSection
	GlobalSection(NestedProjects) = preSolution
		{6FA66AFF-ABDE-49F1-BDFE-700EA89FD299} = {90BCA3F5-0AE8-413C-9D3D-6703A2DFB09F}
	EndGlobalSection
EndGlobal
